
Microsoft Visual Studio Solution File, Format Version 12.00
# Visual Studio 2012
Project("{FAE04EC0-301F-11D3-BF4B-00C04F79EFBC}") = "PrintReduction", "PrintReduction\PrintReduction.csproj", "{5669C130-4B34-4F52-813A-5975BCE9AE78}"
EndProject
Project("{FAE04EC0-301F-11D3-BF4B-00C04F79EFBC}") = "PrintReduction.Data", "PrintReduction.Data\PrintReduction.Data.csproj", "{A4EF5D71-DD39-41EA-A481-D49149E47785}"
EndProject
Project("{FAE04EC0-301F-11D3-BF4B-00C04F79EFBC}") = "PrintReduction.Rabbit", "PrintReduction.Rabbit\PrintReduction.Rabbit.csproj", "{A410DC87-84A8-409A-B475-26D25CCB8BD8}"
EndProject
Global
	GlobalSection(SolutionConfigurationPlatforms) = preSolution
		Debug|Any CPU = Debug|Any CPU
		Release|Any CPU = Release|Any CPU
	EndGlobalSection
	GlobalSection(ProjectConfigurationPlatforms) = postSolution
		{5669C130-4B34-4F52-813A-5975BCE9AE78}.Debug|Any CPU.ActiveCfg = Debug|Any CPU
		{5669C130-4B34-4F52-813A-5975BCE9AE78}.Debug|Any CPU.Build.0 = Debug|Any CPU
		{5669C130-4B34-4F52-813A-5975BCE9AE78}.Release|Any CPU.ActiveCfg = Release|Any CPU
		{5669C130-4B34-4F52-813A-5975BCE9AE78}.Release|Any CPU.Build.0 = Release|Any CPU
		{A4EF5D71-DD39-41EA-A481-D49149E47785}.Debug|Any CPU.ActiveCfg = Debug|Any CPU
		{A4EF5D71-DD39-41EA-A481-D49149E47785}.Debug|Any CPU.Build.0 = Debug|Any CPU
		{A4EF5D71-DD39-41EA-A481-D49149E47785}.Release|Any CPU.ActiveCfg = Release|Any CPU
		{A4EF5D71-DD39-41EA-A481-D49149E47785}.Release|Any CPU.Build.0 = Release|Any CPU
		{A410DC87-84A8-409A-B475-26D25CCB8BD8}.Debug|Any CPU.ActiveCfg = Debug|Any CPU
		{A410DC87-84A8-409A-B475-26D25CCB8BD8}.Debug|Any CPU.Build.0 = Debug|Any CPU
		{A410DC87-84A8-409A-B475-26D25CCB8BD8}.Release|Any CPU.ActiveCfg = Release|Any CPU
		{A410DC87-84A8-409A-B475-26D25CCB8BD8}.Release|Any CPU.Build.0 = Release|Any CPU
	EndGlobalSection
	GlobalSection(SolutionProperties) = preSolution
		HideSolutionNode = FALSE
	EndGlobalSection
EndGlobal
